
Microsoft Visual Studio Solution File, Format Version 12.00
# Visual Studio Version 17
VisualStudioVersion = 17.8.34511.84
MinimumVisualStudioVersion = 10.0.40219.1
Project("{9A19103F-16F7-4668-BE54-9A1E7A4F7556}") = "ReactiveUITreeview", "ReactiveUITreeview\ReactiveUITreeview.csproj", "{68821938-A5D9-43BF-AE94-5D69616A63CF}"
EndProject
Project("{2150E333-8FDC-42A3-9474-1A3956D46DE8}") = "SolutionConfig", "SolutionConfig", "{0003FED6-C8F5-4B9E-A0BC-BA12FE217C27}"
	ProjectSection(SolutionItems) = preProject
		..\.editorconfig = ..\.editorconfig
		..\.gitignore = ..\.gitignore
		..\Directory.Build.props = ..\Directory.Build.props
		..\global.json = ..\global.json
		..\LICENSE = ..\LICENSE
		..\README.md = ..\README.md
		..\stylecop.json = ..\stylecop.json
	EndProjectSection
EndProject
Global
	GlobalSection(SolutionConfigurationPlatforms) = preSolution
		Debug|Any CPU = Debug|Any CPU
		Release|Any CPU = Release|Any CPU
	EndGlobalSection
	GlobalSection(ProjectConfigurationPlatforms) = postSolution
		{68821938-A5D9-43BF-AE94-5D69616A63CF}.Debug|Any CPU.ActiveCfg = Debug|Any CPU
		{68821938-A5D9-43BF-AE94-5D69616A63CF}.Debug|Any CPU.Build.0 = Debug|Any CPU
		{68821938-A5D9-43BF-AE94-5D69616A63CF}.Release|Any CPU.ActiveCfg = Release|Any CPU
		{68821938-A5D9-43BF-AE94-5D69616A63CF}.Release|Any CPU.Build.0 = Release|Any CPU
	EndGlobalSection
	GlobalSection(SolutionProperties) = preSolution
		HideSolutionNode = FALSE
	EndGlobalSection
	GlobalSection(ExtensibilityGlobals) = postSolution
		SolutionGuid = {75C05913-1711-4DF6-93C6-B90962661E3E}
	EndGlobalSection
EndGlobal
